
Microsoft Visual Studio Solution File, Format Version 12.00
# Visual Studio 15
Project("{FAE04EC0-301F-11D3-BF4B-00C04F79EFBC}") = "VentaReal.API", "VentaReal.API.csproj", "{1C893694-52B6-4931-8845-201BCF92FFAB}"
EndProject
Global
	GlobalSection(SolutionConfigurationPlatforms) = preSolution
		Debug|Any CPU = Debug|Any CPU
		Release|Any CPU = Release|Any CPU
	EndGlobalSection
	GlobalSection(ProjectConfigurationPlatforms) = postSolution
		{1C893694-52B6-4931-8845-201BCF92FFAB}.Debug|Any CPU.ActiveCfg = Debug|Any CPU
		{1C893694-52B6-4931-8845-201BCF92FFAB}.Debug|Any CPU.Build.0 = Debug|Any CPU
		{1C893694-52B6-4931-8845-201BCF92FFAB}.Release|Any CPU.ActiveCfg = Release|Any CPU
		{1C893694-52B6-4931-8845-201BCF92FFAB}.Release|Any CPU.Build.0 = Release|Any CPU
	EndGlobalSection
EndGlobal
